
Microsoft Visual Studio Solution File, Format Version 12.00
# Visual Studio 14
VisualStudioVersion = 14.0.25123.0
MinimumVisualStudioVersion = 10.0.40219.1
Project("{FAE04EC0-301F-11D3-BF4B-00C04F79EFBC}") = "143ReorderList", "143ReorderList\143ReorderList.csproj", "{AB51EDE2-DA93-40EE-A533-F941D500BE85}"
EndProject
Project("{FAE04EC0-301F-11D3-BF4B-00C04F79EFBC}") = "169MajorityElement", "169MajorityElement\169MajorityElement.csproj", "{06D5AEC4-34CF-4627-8843-5B38969131D8}"
EndProject
Project("{FAE04EC0-301F-11D3-BF4B-00C04F79EFBC}") = "67AddBinary", "67AddBinary\67AddBinary.csproj", "{2D2E5FA8-ADE6-42E5-A474-2C97F6D7C9FB}"
EndProject
Project("{8BC9CEB8-8B4A-11D0-8D11-00A0C91BC942}") = "116PopulatingNextRightPointersinEachNode", "116PopulatingNextRightPointersinEachNode\116PopulatingNextRightPointersinEachNode.vcxproj", "{B85ACD41-8A2A-4D64-956B-5FBBF8B4E2DA}"
EndProject
Project("{8BC9CEB8-8B4A-11D0-8D11-00A0C91BC942}") = "117PopulatingNextRightPointersinEachNodeII", "117PopulatingNextRightPointersinEachNodeII\117PopulatingNextRightPointersinEachNodeII.vcxproj", "{C38AA4CB-09CB-402E-BD70-63668F23CF20}"
EndProject
Project("{8BC9CEB8-8B4A-11D0-8D11-00A0C91BC942}") = "21MergeTwoSortedLists", "21MergeTwoSortedLists\21MergeTwoSortedLists.vcxproj", "{236A3AA3-D0E7-4F49-86E7-70CB5BAF92F5}"
EndProject
Project("{FAE04EC0-301F-11D3-BF4B-00C04F79EFBC}") = "107BinaryTreeLevelOrderTraversalII", "107BinaryTreeLevelOrderTraversalII\107BinaryTreeLevelOrderTraversalII.csproj", "{6C01E203-96BD-4548-BF8C-7C8FE9415428}"
EndProject
Project("{FAE04EC0-301F-11D3-BF4B-00C04F79EFBC}") = "103BinaryTreeZigzagLevelOrderTraversal", "103BinaryTreeZigzagLevelOrderTraversal\103BinaryTreeZigzagLevelOrderTraversal.csproj", "{1B88FFE7-F2AC-4F81-A53C-77D293A74BC3}"
EndProject
Project("{FAE04EC0-301F-11D3-BF4B-00C04F79EFBC}") = "121BestTimetoBuyandSellStock", "121BestTimetoBuyandSellStock\121BestTimetoBuyandSellStock.csproj", "{A990C4D5-2820-4FD0-98E4-3FE2827F5D41}"
EndProject
Project("{FAE04EC0-301F-11D3-BF4B-00C04F79EFBC}") = "122BestTimetoBuyandSellStockII", "122BestTimetoBuyandSellStockII\122BestTimetoBuyandSellStockII.csproj", "{07573763-ACE3-4A7A-B67D-44882BA7DB0F}"
EndProject
Project("{FAE04EC0-301F-11D3-BF4B-00C04F79EFBC}") = "123BestTimetoBuyandSellStockIII", "123BestTimetoBuyandSellStockIII\123BestTimetoBuyandSellStockIII.csproj", "{AFE05500-4A88-42E5-BFA6-51B038E27C0C}"
EndProject
Project("{FAE04EC0-301F-11D3-BF4B-00C04F79EFBC}") = "236LowestCommonAncestorofaBinaryTree", "236LowestCommonAncestorofaBinaryTree\236LowestCommonAncestorofaBinaryTree.csproj", "{2F1E4604-0286-47EE-9E47-215D69ADCF48}"
EndProject
Project("{FAE04EC0-301F-11D3-BF4B-00C04F79EFBC}") = "235LowestCommonAncestorofaBinarySearchTree", "235LowestCommonAncestorofaBinarySearchTree\235LowestCommonAncestorofaBinarySearchTree.csproj", "{0C0938D2-A632-405D-B5C6-0133690E853A}"
EndProject
Project("{8BC9CEB8-8B4A-11D0-8D11-00A0C91BC942}") = "149MaxPointsonaLine", "149MaxPointsonaLine\149MaxPointsonaLine.vcxproj", "{77A54805-4937-4608-9C6B-A5089199E8B1}"
EndProject
Project("{FAE04EC0-301F-11D3-BF4B-00C04F79EFBC}") = "120Triangle", "120Triangle\120Triangle.csproj", "{FC69757A-DE57-4DBA-948A-D2CDF17DD146}"
EndProject
Project("{FAE04EC0-301F-11D3-BF4B-00C04F79EFBC}") = "118PascalsTriangle", "118PascalsTriangle\118PascalsTriangle.csproj", "{6933B03B-671B-4324-81FB-6599524F2E5B}"
EndProject
Project("{FAE04EC0-301F-11D3-BF4B-00C04F79EFBC}") = "39CombinationSum", "39CombinationSum\39CombinationSum.csproj", "{76005B3E-661F-4D40-A549-7F162416A850}"
EndProject
Project("{FAE04EC0-301F-11D3-BF4B-00C04F79EFBC}") = "40CombinationSumII", "40CombinationSumII\40CombinationSumII.csproj", "{0DD1FB9E-AFFC-4A10-93FD-DE8A333CB142}"
EndProject
Project("{FAE04EC0-301F-11D3-BF4B-00C04F79EFBC}") = "95UniqueBinarySearchTreesII", "95UniqueBinarySearchTreesII\95UniqueBinarySearchTreesII.csproj", "{67189D12-0754-4D9F-931C-53C44BB75F24}"
EndProject
Project("{FAE04EC0-301F-11D3-BF4B-00C04F79EFBC}") = "96UniqueBinarySearchTrees", "96UniqueBinarySearchTrees\96UniqueBinarySearchTrees.csproj", "{3949594A-5341-4CDA-B468-43A6E05385FC}"
EndProject
Project("{FAE04EC0-301F-11D3-BF4B-00C04F79EFBC}") = "1TwoSum", "1TwoSum\1TwoSum.csproj", "{A1680175-3785-4944-93D7-AA051C370513}"
EndProject
Project("{FAE04EC0-301F-11D3-BF4B-00C04F79EFBC}") = "232ImplementQueueusingStacks", "232ImplementQueueusingStacks\232ImplementQueueusingStacks.csproj", "{9D4E3681-9F16-4981-8237-4452A624E61C}"
EndProject
Project("{FAE04EC0-301F-11D3-BF4B-00C04F79EFBC}") = "225ImplementStackusingQueues", "225ImplementStackusingQueues\225ImplementStackusingQueues.csproj", "{E0FD54B1-6F09-4D36-84AA-DE08F8748C85}"
EndProject
Project("{FAE04EC0-301F-11D3-BF4B-00C04F79EFBC}") = "141LinkedListCycle", "141LinkedListCycle\141LinkedListCycle.csproj", "{A3BAA984-A28A-4BB8-877B-80F42702C2C8}"
EndProject
Project("{FAE04EC0-301F-11D3-BF4B-00C04F79EFBC}") = "216CombinationSumIII", "216CombinationSumIII\216CombinationSumIII.csproj", "{FCA5AE9F-FA49-45AB-A853-20E16166ABD4}"
EndProject
Project("{FAE04EC0-301F-11D3-BF4B-00C04F79EFBC}") = "72EditDistance", "72EditDistance\72EditDistance.csproj", "{1DE090AD-52BE-475E-8DC9-72529EAB06E6}"
EndProject
Project("{FAE04EC0-301F-11D3-BF4B-00C04F79EFBC}") = "184Sum", "184Sum\184Sum.csproj", "{4F9BA05C-53D9-4210-B394-BFC248C6D572}"
EndProject
Project("{FAE04EC0-301F-11D3-BF4B-00C04F79EFBC}") = "376WiggleSubsequence", "376WiggleSubsequence\376WiggleSubsequence.csproj", "{2613EA5B-3D53-492A-B25F-B4AEC1672716}"
EndProject
Project("{FAE04EC0-301F-11D3-BF4B-00C04F79EFBC}") = "100SameTree", "100SameTree\100SameTree.csproj", "{28A9FF30-71A6-41B0-BF22-597B20776ED3}"
EndProject
Project("{FAE04EC0-301F-11D3-BF4B-00C04F79EFBC}") = "102BinaryTreeLevelOrderTraversal", "102BinaryTreeLevelOrderTraversal\102BinaryTreeLevelOrderTraversal.csproj", "{FE96FE85-2BF2-457A-BD7B-A0BF3405D7CD}"
EndProject
Global
	GlobalSection(SolutionConfigurationPlatforms) = preSolution
		Debug|Any CPU = Debug|Any CPU
		Debug|x64 = Debug|x64
		Debug|x86 = Debug|x86
		Release|Any CPU = Release|Any CPU
		Release|x64 = Release|x64
		Release|x86 = Release|x86
	EndGlobalSection
	GlobalSection(ProjectConfigurationPlatforms) = postSolution
		{AB51EDE2-DA93-40EE-A533-F941D500BE85}.Debug|Any CPU.ActiveCfg = Debug|Any CPU
		{AB51EDE2-DA93-40EE-A533-F941D500BE85}.Debug|Any CPU.Build.0 = Debug|Any CPU
		{AB51EDE2-DA93-40EE-A533-F941D500BE85}.Debug|x64.ActiveCfg = Debug|Any CPU
		{AB51EDE2-DA93-40EE-A533-F941D500BE85}.Debug|x64.Build.0 = Debug|Any CPU
		{AB51EDE2-DA93-40EE-A533-F941D500BE85}.Debug|x86.ActiveCfg = Debug|Any CPU
		{AB51EDE2-DA93-40EE-A533-F941D500BE85}.Debug|x86.Build.0 = Debug|Any CPU
		{AB51EDE2-DA93-40EE-A533-F941D500BE85}.Release|Any CPU.ActiveCfg = Release|Any CPU
		{AB51EDE2-DA93-40EE-A533-F941D500BE85}.Release|Any CPU.Build.0 = Release|Any CPU
		{AB51EDE2-DA93-40EE-A533-F941D500BE85}.Release|x64.ActiveCfg = Release|Any CPU
		{AB51EDE2-DA93-40EE-A533-F941D500BE85}.Release|x64.Build.0 = Release|Any CPU
		{AB51EDE2-DA93-40EE-A533-F941D500BE85}.Release|x86.ActiveCfg = Release|Any CPU
		{AB51EDE2-DA93-40EE-A533-F941D500BE85}.Release|x86.Build.0 = Release|Any CPU
		{06D5AEC4-34CF-4627-8843-5B38969131D8}.Debug|Any CPU.ActiveCfg = Debug|Any CPU
		{06D5AEC4-34CF-4627-8843-5B38969131D8}.Debug|Any CPU.Build.0 = Debug|Any CPU
		{06D5AEC4-34CF-4627-8843-5B38969131D8}.Debug|x64.ActiveCfg = Debug|Any CPU
		{06D5AEC4-34CF-4627-8843-5B38969131D8}.Debug|x64.Build.0 = Debug|Any CPU
		{06D5AEC4-34CF-4627-8843-5B38969131D8}.Debug|x86.ActiveCfg = Debug|Any CPU
		{06D5AEC4-34CF-4627-8843-5B38969131D8}.Debug|x86.Build.0 = Debug|Any CPU
		{06D5AEC4-34CF-4627-8843-5B38969131D8}.Release|Any CPU.ActiveCfg = Release|Any CPU
		{06D5AEC4-34CF-4627-8843-5B38969131D8}.Release|Any CPU.Build.0 = Release|Any CPU
		{06D5AEC4-34CF-4627-8843-5B38969131D8}.Release|x64.ActiveCfg = Release|Any CPU
		{06D5AEC4-34CF-4627-8843-5B38969131D8}.Release|x64.Build.0 = Release|Any CPU
		{06D5AEC4-34CF-4627-8843-5B38969131D8}.Release|x86.ActiveCfg = Release|Any CPU
		{06D5AEC4-34CF-4627-8843-5B38969131D8}.Release|x86.Build.0 = Release|Any CPU
		{2D2E5FA8-ADE6-42E5-A474-2C97F6D7C9FB}.Debug|Any CPU.ActiveCfg = Debug|Any CPU
		{2D2E5FA8-ADE6-42E5-A474-2C97F6D7C9FB}.Debug|Any CPU.Build.0 = Debug|Any CPU
		{2D2E5FA8-ADE6-42E5-A474-2C97F6D7C9FB}.Debug|x64.ActiveCfg = Debug|Any CPU
		{2D2E5FA8-ADE6-42E5-A474-2C97F6D7C9FB}.Debug|x64.Build.0 = Debug|Any CPU
		{2D2E5FA8-ADE6-42E5-A474-2C97F6D7C9FB}.Debug|x86.ActiveCfg = Debug|Any CPU
		{2D2E5FA8-ADE6-42E5-A474-2C97F6D7C9FB}.Debug|x86.Build.0 = Debug|Any CPU
		{2D2E5FA8-ADE6-42E5-A474-2C97F6D7C9FB}.Release|Any CPU.ActiveCfg = Release|Any CPU
		{2D2E5FA8-ADE6-42E5-A474-2C97F6D7C9FB}.Release|Any CPU.Build.0 = Release|Any CPU
		{2D2E5FA8-ADE6-42E5-A474-2C97F6D7C9FB}.Release|x64.ActiveCfg = Release|Any CPU
		{2D2E5FA8-ADE6-42E5-A474-2C97F6D7C9FB}.Release|x64.Build.0 = Release|Any CPU
		{2D2E5FA8-ADE6-42E5-A474-2C97F6D7C9FB}.Release|x86.ActiveCfg = Release|Any CPU
		{2D2E5FA8-ADE6-42E5-A474-2C97F6D7C9FB}.Release|x86.Build.0 = Release|Any CPU
		{B85ACD41-8A2A-4D64-956B-5FBBF8B4E2DA}.Debug|Any CPU.ActiveCfg = Debug|Win32
		{B85ACD41-8A2A-4D64-956B-5FBBF8B4E2DA}.Debug|x64.ActiveCfg = Debug|x64
		{B85ACD41-8A2A-4D64-956B-5FBBF8B4E2DA}.Debug|x64.Build.0 = Debug|x64
		{B85ACD41-8A2A-4D64-956B-5FBBF8B4E2DA}.Debug|x86.ActiveCfg = Debug|Win32
		{B85ACD41-8A2A-4D64-956B-5FBBF8B4E2DA}.Debug|x86.Build.0 = Debug|Win32
		{B85ACD41-8A2A-4D64-956B-5FBBF8B4E2DA}.Release|Any CPU.ActiveCfg = Release|Win32
		{B85ACD41-8A2A-4D64-956B-5FBBF8B4E2DA}.Release|x64.ActiveCfg = Release|x64
		{B85ACD41-8A2A-4D64-956B-5FBBF8B4E2DA}.Release|x64.Build.0 = Release|x64
		{B85ACD41-8A2A-4D64-956B-5FBBF8B4E2DA}.Release|x86.ActiveCfg = Release|Win32
		{B85ACD41-8A2A-4D64-956B-5FBBF8B4E2DA}.Release|x86.Build.0 = Release|Win32
		{C38AA4CB-09CB-402E-BD70-63668F23CF20}.Debug|Any CPU.ActiveCfg = Debug|Win32
		{C38AA4CB-09CB-402E-BD70-63668F23CF20}.Debug|x64.ActiveCfg = Debug|x64
		{C38AA4CB-09CB-402E-BD70-63668F23CF20}.Debug|x64.Build.0 = Debug|x64
		{C38AA4CB-09CB-402E-BD70-63668F23CF20}.Debug|x86.ActiveCfg = Debug|Win32
		{C38AA4CB-09CB-402E-BD70-63668F23CF20}.Debug|x86.Build.0 = Debug|Win32
		{C38AA4CB-09CB-402E-BD70-63668F23CF20}.Release|Any CPU.ActiveCfg = Release|Win32
		{C38AA4CB-09CB-402E-BD70-63668F23CF20}.Release|x64.ActiveCfg = Release|x64
		{C38AA4CB-09CB-402E-BD70-63668F23CF20}.Release|x64.Build.0 = Release|x64
		{C38AA4CB-09CB-402E-BD70-63668F23CF20}.Release|x86.ActiveCfg = Release|Win32
		{C38AA4CB-09CB-402E-BD70-63668F23CF20}.Release|x86.Build.0 = Release|Win32
		{236A3AA3-D0E7-4F49-86E7-70CB5BAF92F5}.Debug|Any CPU.ActiveCfg = Debug|Win32
		{236A3AA3-D0E7-4F49-86E7-70CB5BAF92F5}.Debug|x64.ActiveCfg = Debug|x64
		{236A3AA3-D0E7-4F49-86E7-70CB5BAF92F5}.Debug|x64.Build.0 = Debug|x64
		{236A3AA3-D0E7-4F49-86E7-70CB5BAF92F5}.Debug|x86.ActiveCfg = Debug|Win32
		{236A3AA3-D0E7-4F49-86E7-70CB5BAF92F5}.Debug|x86.Build.0 = Debug|Win32
		{236A3AA3-D0E7-4F49-86E7-70CB5BAF92F5}.Release|Any CPU.ActiveCfg = Release|Win32
		{236A3AA3-D0E7-4F49-86E7-70CB5BAF92F5}.Release|x64.ActiveCfg = Release|x64
		{236A3AA3-D0E7-4F49-86E7-70CB5BAF92F5}.Release|x64.Build.0 = Release|x64
		{236A3AA3-D0E7-4F49-86E7-70CB5BAF92F5}.Release|x86.ActiveCfg = Release|Win32
		{236A3AA3-D0E7-4F49-86E7-70CB5BAF92F5}.Release|x86.Build.0 = Release|Win32
		{6C01E203-96BD-4548-BF8C-7C8FE9415428}.Debug|Any CPU.ActiveCfg = Debug|Any CPU
		{6C01E203-96BD-4548-BF8C-7C8FE9415428}.Debug|Any CPU.Build.0 = Debug|Any CPU
		{6C01E203-96BD-4548-BF8C-7C8FE9415428}.Debug|x64.ActiveCfg = Debug|Any CPU
		{6C01E203-96BD-4548-BF8C-7C8FE9415428}.Debug|x64.Build.0 = Debug|Any CPU
		{6C01E203-96BD-4548-BF8C-7C8FE9415428}.Debug|x86.ActiveCfg = Debug|Any CPU
		{6C01E203-96BD-4548-BF8C-7C8FE9415428}.Debug|x86.Build.0 = Debug|Any CPU
		{6C01E203-96BD-4548-BF8C-7C8FE9415428}.Release|Any CPU.ActiveCfg = Release|Any CPU
		{6C01E203-96BD-4548-BF8C-7C8FE9415428}.Release|Any CPU.Build.0 = Release|Any CPU
		{6C01E203-96BD-4548-BF8C-7C8FE9415428}.Release|x64.ActiveCfg = Release|Any CPU
		{6C01E203-96BD-4548-BF8C-7C8FE9415428}.Release|x64.Build.0 = Release|Any CPU
		{6C01E203-96BD-4548-BF8C-7C8FE9415428}.Release|x86.ActiveCfg = Release|Any CPU
		{6C01E203-96BD-4548-BF8C-7C8FE9415428}.Release|x86.Build.0 = Release|Any CPU
		{1B88FFE7-F2AC-4F81-A53C-77D293A74BC3}.Debug|Any CPU.ActiveCfg = Debug|Any CPU
		{1B88FFE7-F2AC-4F81-A53C-77D293A74BC3}.Debug|Any CPU.Build.0 = Debug|Any CPU
		{1B88FFE7-F2AC-4F81-A53C-77D293A74BC3}.Debug|x64.ActiveCfg = Debug|Any CPU
		{1B88FFE7-F2AC-4F81-A53C-77D293A74BC3}.Debug|x64.Build.0 = Debug|Any CPU
		{1B88FFE7-F2AC-4F81-A53C-77D293A74BC3}.Debug|x86.ActiveCfg = Debug|Any CPU
		{1B88FFE7-F2AC-4F81-A53C-77D293A74BC3}.Debug|x86.Build.0 = Debug|Any CPU
		{1B88FFE7-F2AC-4F81-A53C-77D293A74BC3}.Release|Any CPU.ActiveCfg = Release|Any CPU
		{1B88FFE7-F2AC-4F81-A53C-77D293A74BC3}.Release|Any CPU.Build.0 = Release|Any CPU
		{1B88FFE7-F2AC-4F81-A53C-77D293A74BC3}.Release|x64.ActiveCfg = Release|Any CPU
		{1B88FFE7-F2AC-4F81-A53C-77D293A74BC3}.Release|x64.Build.0 = Release|Any CPU
		{1B88FFE7-F2AC-4F81-A53C-77D293A74BC3}.Release|x86.ActiveCfg = Release|Any CPU
		{1B88FFE7-F2AC-4F81-A53C-77D293A74BC3}.Release|x86.Build.0 = Release|Any CPU
		{A990C4D5-2820-4FD0-98E4-3FE2827F5D41}.Debug|Any CPU.ActiveCfg = Debug|Any CPU
		{A990C4D5-2820-4FD0-98E4-3FE2827F5D41}.Debug|Any CPU.Build.0 = Debug|Any CPU
		{A990C4D5-2820-4FD0-98E4-3FE2827F5D41}.Debug|x64.ActiveCfg = Debug|Any CPU
		{A990C4D5-2820-4FD0-98E4-3FE2827F5D41}.Debug|x64.Build.0 = Debug|Any CPU
		{A990C4D5-2820-4FD0-98E4-3FE2827F5D41}.Debug|x86.ActiveCfg = Debug|Any CPU
		{A990C4D5-2820-4FD0-98E4-3FE2827F5D41}.Debug|x86.Build.0 = Debug|Any CPU
		{A990C4D5-2820-4FD0-98E4-3FE2827F5D41}.Release|Any CPU.ActiveCfg = Release|Any CPU
		{A990C4D5-2820-4FD0-98E4-3FE2827F5D41}.Release|Any CPU.Build.0 = Release|Any CPU
		{A990C4D5-2820-4FD0-98E4-3FE2827F5D41}.Release|x64.ActiveCfg = Release|Any CPU
		{A990C4D5-2820-4FD0-98E4-3FE2827F5D41}.Release|x64.Build.0 = Release|Any CPU
		{A990C4D5-2820-4FD0-98E4-3FE2827F5D41}.Release|x86.ActiveCfg = Release|Any CPU
		{A990C4D5-2820-4FD0-98E4-3FE2827F5D41}.Release|x86.Build.0 = Release|Any CPU
		{07573763-ACE3-4A7A-B67D-44882BA7DB0F}.Debug|Any CPU.ActiveCfg = Debug|Any CPU
		{07573763-ACE3-4A7A-B67D-44882BA7DB0F}.Debug|Any CPU.Build.0 = Debug|Any CPU
		{07573763-ACE3-4A7A-B67D-44882BA7DB0F}.Debug|x64.ActiveCfg = Debug|Any CPU
		{07573763-ACE3-4A7A-B67D-44882BA7DB0F}.Debug|x64.Build.0 = Debug|Any CPU
		{07573763-ACE3-4A7A-B67D-44882BA7DB0F}.Debug|x86.ActiveCfg = Debug|Any CPU
		{07573763-ACE3-4A7A-B67D-44882BA7DB0F}.Debug|x86.Build.0 = Debug|Any CPU
		{07573763-ACE3-4A7A-B67D-44882BA7DB0F}.Release|Any CPU.ActiveCfg = Release|Any CPU
		{07573763-ACE3-4A7A-B67D-44882BA7DB0F}.Release|Any CPU.Build.0 = Release|Any CPU
		{07573763-ACE3-4A7A-B67D-44882BA7DB0F}.Release|x64.ActiveCfg = Release|Any CPU
		{07573763-ACE3-4A7A-B67D-44882BA7DB0F}.Release|x64.Build.0 = Release|Any CPU
		{07573763-ACE3-4A7A-B67D-44882BA7DB0F}.Release|x86.ActiveCfg = Release|Any CPU
		{07573763-ACE3-4A7A-B67D-44882BA7DB0F}.Release|x86.Build.0 = Release|Any CPU
		{AFE05500-4A88-42E5-BFA6-51B038E27C0C}.Debug|Any CPU.ActiveCfg = Debug|Any CPU
		{AFE05500-4A88-42E5-BFA6-51B038E27C0C}.Debug|Any CPU.Build.0 = Debug|Any CPU
		{AFE05500-4A88-42E5-BFA6-51B038E27C0C}.Debug|x64.ActiveCfg = Debug|Any CPU
		{AFE05500-4A88-42E5-BFA6-51B038E27C0C}.Debug|x64.Build.0 = Debug|Any CPU
		{AFE05500-4A88-42E5-BFA6-51B038E27C0C}.Debug|x86.ActiveCfg = Debug|Any CPU
		{AFE05500-4A88-42E5-BFA6-51B038E27C0C}.Debug|x86.Build.0 = Debug|Any CPU
		{AFE05500-4A88-42E5-BFA6-51B038E27C0C}.Release|Any CPU.ActiveCfg = Release|Any CPU
		{AFE05500-4A88-42E5-BFA6-51B038E27C0C}.Release|Any CPU.Build.0 = Release|Any CPU
		{AFE05500-4A88-42E5-BFA6-51B038E27C0C}.Release|x64.ActiveCfg = Release|Any CPU
		{AFE05500-4A88-42E5-BFA6-51B038E27C0C}.Release|x64.Build.0 = Release|Any CPU
		{AFE05500-4A88-42E5-BFA6-51B038E27C0C}.Release|x86.ActiveCfg = Release|Any CPU
		{AFE05500-4A88-42E5-BFA6-51B038E27C0C}.Release|x86.Build.0 = Release|Any CPU
		{2F1E4604-0286-47EE-9E47-215D69ADCF48}.Debug|Any CPU.ActiveCfg = Debug|Any CPU
		{2F1E4604-0286-47EE-9E47-215D69ADCF48}.Debug|Any CPU.Build.0 = Debug|Any CPU
		{2F1E4604-0286-47EE-9E47-215D69ADCF48}.Debug|x64.ActiveCfg = Debug|Any CPU
		{2F1E4604-0286-47EE-9E47-215D69ADCF48}.Debug|x64.Build.0 = Debug|Any CPU
		{2F1E4604-0286-47EE-9E47-215D69ADCF48}.Debug|x86.ActiveCfg = Debug|Any CPU
		{2F1E4604-0286-47EE-9E47-215D69ADCF48}.Debug|x86.Build.0 = Debug|Any CPU
		{2F1E4604-0286-47EE-9E47-215D69ADCF48}.Release|Any CPU.ActiveCfg = Release|Any CPU
		{2F1E4604-0286-47EE-9E47-215D69ADCF48}.Release|Any CPU.Build.0 = Release|Any CPU
		{2F1E4604-0286-47EE-9E47-215D69ADCF48}.Release|x64.ActiveCfg = Release|Any CPU
		{2F1E4604-0286-47EE-9E47-215D69ADCF48}.Release|x64.Build.0 = Release|Any CPU
		{2F1E4604-0286-47EE-9E47-215D69ADCF48}.Release|x86.ActiveCfg = Release|Any CPU
		{2F1E4604-0286-47EE-9E47-215D69ADCF48}.Release|x86.Build.0 = Release|Any CPU
		{0C0938D2-A632-405D-B5C6-0133690E853A}.Debug|Any CPU.ActiveCfg = Debug|Any CPU
		{0C0938D2-A632-405D-B5C6-0133690E853A}.Debug|Any CPU.Build.0 = Debug|Any CPU
		{0C0938D2-A632-405D-B5C6-0133690E853A}.Debug|x64.ActiveCfg = Debug|Any CPU
		{0C0938D2-A632-405D-B5C6-0133690E853A}.Debug|x64.Build.0 = Debug|Any CPU
		{0C0938D2-A632-405D-B5C6-0133690E853A}.Debug|x86.ActiveCfg = Debug|Any CPU
		{0C0938D2-A632-405D-B5C6-0133690E853A}.Debug|x86.Build.0 = Debug|Any CPU
		{0C0938D2-A632-405D-B5C6-0133690E853A}.Release|Any CPU.ActiveCfg = Release|Any CPU
		{0C0938D2-A632-405D-B5C6-0133690E853A}.Release|Any CPU.Build.0 = Release|Any CPU
		{0C0938D2-A632-405D-B5C6-0133690E853A}.Release|x64.ActiveCfg = Release|Any CPU
		{0C0938D2-A632-405D-B5C6-0133690E853A}.Release|x64.Build.0 = Release|Any CPU
		{0C0938D2-A632-405D-B5C6-0133690E853A}.Release|x86.ActiveCfg = Release|Any CPU
		{0C0938D2-A632-405D-B5C6-0133690E853A}.Release|x86.Build.0 = Release|Any CPU
		{77A54805-4937-4608-9C6B-A5089199E8B1}.Debug|Any CPU.ActiveCfg = Debug|Win32
		{77A54805-4937-4608-9C6B-A5089199E8B1}.Debug|x64.ActiveCfg = Debug|x64
		{77A54805-4937-4608-9C6B-A5089199E8B1}.Debug|x64.Build.0 = Debug|x64
		{77A54805-4937-4608-9C6B-A5089199E8B1}.Debug|x86.ActiveCfg = Debug|Win32
		{77A54805-4937-4608-9C6B-A5089199E8B1}.Debug|x86.Build.0 = Debug|Win32
		{77A54805-4937-4608-9C6B-A5089199E8B1}.Release|Any CPU.ActiveCfg = Release|Win32
		{77A54805-4937-4608-9C6B-A5089199E8B1}.Release|x64.ActiveCfg = Release|x64
		{77A54805-4937-4608-9C6B-A5089199E8B1}.Release|x64.Build.0 = Release|x64
		{77A54805-4937-4608-9C6B-A5089199E8B1}.Release|x86.ActiveCfg = Release|Win32
		{77A54805-4937-4608-9C6B-A5089199E8B1}.Release|x86.Build.0 = Release|Win32
		{FC69757A-DE57-4DBA-948A-D2CDF17DD146}.Debug|Any CPU.ActiveCfg = Debug|Any CPU
		{FC69757A-DE57-4DBA-948A-D2CDF17DD146}.Debug|Any CPU.Build.0 = Debug|Any CPU
		{FC69757A-DE57-4DBA-948A-D2CDF17DD146}.Debug|x64.ActiveCfg = Debug|Any CPU
		{FC69757A-DE57-4DBA-948A-D2CDF17DD146}.Debug|x64.Build.0 = Debug|Any CPU
		{FC69757A-DE57-4DBA-948A-D2CDF17DD146}.Debug|x86.ActiveCfg = Debug|Any CPU
		{FC69757A-DE57-4DBA-948A-D2CDF17DD146}.Debug|x86.Build.0 = Debug|Any CPU
		{FC69757A-DE57-4DBA-948A-D2CDF17DD146}.Release|Any CPU.ActiveCfg = Release|Any CPU
		{FC69757A-DE57-4DBA-948A-D2CDF17DD146}.Release|Any CPU.Build.0 = Release|Any CPU
		{FC69757A-DE57-4DBA-948A-D2CDF17DD146}.Release|x64.ActiveCfg = Release|Any CPU
		{FC69757A-DE57-4DBA-948A-D2CDF17DD146}.Release|x64.Build.0 = Release|Any CPU
		{FC69757A-DE57-4DBA-948A-D2CDF17DD146}.Release|x86.ActiveCfg = Release|Any CPU
		{FC69757A-DE57-4DBA-948A-D2CDF17DD146}.Release|x86.Build.0 = Release|Any CPU
		{6933B03B-671B-4324-81FB-6599524F2E5B}.Debug|Any CPU.ActiveCfg = Debug|Any CPU
		{6933B03B-671B-4324-81FB-6599524F2E5B}.Debug|Any CPU.Build.0 = Debug|Any CPU
		{6933B03B-671B-4324-81FB-6599524F2E5B}.Debug|x64.ActiveCfg = Debug|Any CPU
		{6933B03B-671B-4324-81FB-6599524F2E5B}.Debug|x64.Build.0 = Debug|Any CPU
		{6933B03B-671B-4324-81FB-6599524F2E5B}.Debug|x86.ActiveCfg = Debug|Any CPU
		{6933B03B-671B-4324-81FB-6599524F2E5B}.Debug|x86.Build.0 = Debug|Any CPU
		{6933B03B-671B-4324-81FB-6599524F2E5B}.Release|Any CPU.ActiveCfg = Release|Any CPU
		{6933B03B-671B-4324-81FB-6599524F2E5B}.Release|Any CPU.Build.0 = Release|Any CPU
		{6933B03B-671B-4324-81FB-6599524F2E5B}.Release|x64.ActiveCfg = Release|Any CPU
		{6933B03B-671B-4324-81FB-6599524F2E5B}.Release|x64.Build.0 = Release|Any CPU
		{6933B03B-671B-4324-81FB-6599524F2E5B}.Release|x86.ActiveCfg = Release|Any CPU
		{6933B03B-671B-4324-81FB-6599524F2E5B}.Release|x86.Build.0 = Release|Any CPU
		{76005B3E-661F-4D40-A549-7F162416A850}.Debug|Any CPU.ActiveCfg = Debug|Any CPU
		{76005B3E-661F-4D40-A549-7F162416A850}.Debug|Any CPU.Build.0 = Debug|Any CPU
		{76005B3E-661F-4D40-A549-7F162416A850}.Debug|x64.ActiveCfg = Debug|Any CPU
		{76005B3E-661F-4D40-A549-7F162416A850}.Debug|x64.Build.0 = Debug|Any CPU
		{76005B3E-661F-4D40-A549-7F162416A850}.Debug|x86.ActiveCfg = Debug|Any CPU
		{76005B3E-661F-4D40-A549-7F162416A850}.Debug|x86.Build.0 = Debug|Any CPU
		{76005B3E-661F-4D40-A549-7F162416A850}.Release|Any CPU.ActiveCfg = Release|Any CPU
		{76005B3E-661F-4D40-A549-7F162416A850}.Release|Any CPU.Build.0 = Release|Any CPU
		{76005B3E-661F-4D40-A549-7F162416A850}.Release|x64.ActiveCfg = Release|Any CPU
		{76005B3E-661F-4D40-A549-7F162416A850}.Release|x64.Build.0 = Release|Any CPU
		{76005B3E-661F-4D40-A549-7F162416A850}.Release|x86.ActiveCfg = Release|Any CPU
		{76005B3E-661F-4D40-A549-7F162416A850}.Release|x86.Build.0 = Release|Any CPU
		{0DD1FB9E-AFFC-4A10-93FD-DE8A333CB142}.Debug|Any CPU.ActiveCfg = Debug|Any CPU
		{0DD1FB9E-AFFC-4A10-93FD-DE8A333CB142}.Debug|Any CPU.Build.0 = Debug|Any CPU
		{0DD1FB9E-AFFC-4A10-93FD-DE8A333CB142}.Debug|x64.ActiveCfg = Debug|Any CPU
		{0DD1FB9E-AFFC-4A10-93FD-DE8A333CB142}.Debug|x64.Build.0 = Debug|Any CPU
		{0DD1FB9E-AFFC-4A10-93FD-DE8A333CB142}.Debug|x86.ActiveCfg = Debug|Any CPU
		{0DD1FB9E-AFFC-4A10-93FD-DE8A333CB142}.Debug|x86.Build.0 = Debug|Any CPU
		{0DD1FB9E-AFFC-4A10-93FD-DE8A333CB142}.Release|Any CPU.ActiveCfg = Release|Any CPU
		{0DD1FB9E-AFFC-4A10-93FD-DE8A333CB142}.Release|Any CPU.Build.0 = Release|Any CPU
		{0DD1FB9E-AFFC-4A10-93FD-DE8A333CB142}.Release|x64.ActiveCfg = Release|Any CPU
		{0DD1FB9E-AFFC-4A10-93FD-DE8A333CB142}.Release|x64.Build.0 = Release|Any CPU
		{0DD1FB9E-AFFC-4A10-93FD-DE8A333CB142}.Release|x86.ActiveCfg = Release|Any CPU
		{0DD1FB9E-AFFC-4A10-93FD-DE8A333CB142}.Release|x86.Build.0 = Release|Any CPU
		{67189D12-0754-4D9F-931C-53C44BB75F24}.Debug|Any CPU.ActiveCfg = Debug|Any CPU
		{67189D12-0754-4D9F-931C-53C44BB75F24}.Debug|Any CPU.Build.0 = Debug|Any CPU
		{67189D12-0754-4D9F-931C-53C44BB75F24}.Debug|x64.ActiveCfg = Debug|Any CPU
		{67189D12-0754-4D9F-931C-53C44BB75F24}.Debug|x64.Build.0 = Debug|Any CPU
		{67189D12-0754-4D9F-931C-53C44BB75F24}.Debug|x86.ActiveCfg = Debug|Any CPU
		{67189D12-0754-4D9F-931C-53C44BB75F24}.Debug|x86.Build.0 = Debug|Any CPU
		{67189D12-0754-4D9F-931C-53C44BB75F24}.Release|Any CPU.ActiveCfg = Release|Any CPU
		{67189D12-0754-4D9F-931C-53C44BB75F24}.Release|Any CPU.Build.0 = Release|Any CPU
		{67189D12-0754-4D9F-931C-53C44BB75F24}.Release|x64.ActiveCfg = Release|Any CPU
		{67189D12-0754-4D9F-931C-53C44BB75F24}.Release|x64.Build.0 = Release|Any CPU
		{67189D12-0754-4D9F-931C-53C44BB75F24}.Release|x86.ActiveCfg = Release|Any CPU
		{67189D12-0754-4D9F-931C-53C44BB75F24}.Release|x86.Build.0 = Release|Any CPU
		{3949594A-5341-4CDA-B468-43A6E05385FC}.Debug|Any CPU.ActiveCfg = Debug|Any CPU
		{3949594A-5341-4CDA-B468-43A6E05385FC}.Debug|Any CPU.Build.0 = Debug|Any CPU
		{3949594A-5341-4CDA-B468-43A6E05385FC}.Debug|x64.ActiveCfg = Debug|Any CPU
		{3949594A-5341-4CDA-B468-43A6E05385FC}.Debug|x64.Build.0 = Debug|Any CPU
		{3949594A-5341-4CDA-B468-43A6E05385FC}.Debug|x86.ActiveCfg = Debug|Any CPU
		{3949594A-5341-4CDA-B468-43A6E05385FC}.Debug|x86.Build.0 = Debug|Any CPU
		{3949594A-5341-4CDA-B468-43A6E05385FC}.Release|Any CPU.ActiveCfg = Release|Any CPU
		{3949594A-5341-4CDA-B468-43A6E05385FC}.Release|Any CPU.Build.0 = Release|Any CPU
		{3949594A-5341-4CDA-B468-43A6E05385FC}.Release|x64.ActiveCfg = Release|Any CPU
		{3949594A-5341-4CDA-B468-43A6E05385FC}.Release|x64.Build.0 = Release|Any CPU
		{3949594A-5341-4CDA-B468-43A6E05385FC}.Release|x86.ActiveCfg = Release|Any CPU
		{3949594A-5341-4CDA-B468-43A6E05385FC}.Release|x86.Build.0 = Release|Any CPU
		{A1680175-3785-4944-93D7-AA051C370513}.Debug|Any CPU.ActiveCfg = Debug|Any CPU
		{A1680175-3785-4944-93D7-AA051C370513}.Debug|Any CPU.Build.0 = Debug|Any CPU
		{A1680175-3785-4944-93D7-AA051C370513}.Debug|x64.ActiveCfg = Debug|Any CPU
		{A1680175-3785-4944-93D7-AA051C370513}.Debug|x64.Build.0 = Debug|Any CPU
		{A1680175-3785-4944-93D7-AA051C370513}.Debug|x86.ActiveCfg = Debug|Any CPU
		{A1680175-3785-4944-93D7-AA051C370513}.Debug|x86.Build.0 = Debug|Any CPU
		{A1680175-3785-4944-93D7-AA051C370513}.Release|Any CPU.ActiveCfg = Release|Any CPU
		{A1680175-3785-4944-93D7-AA051C370513}.Release|Any CPU.Build.0 = Release|Any CPU
		{A1680175-3785-4944-93D7-AA051C370513}.Release|x64.ActiveCfg = Release|Any CPU
		{A1680175-3785-4944-93D7-AA051C370513}.Release|x64.Build.0 = Release|Any CPU
		{A1680175-3785-4944-93D7-AA051C370513}.Release|x86.ActiveCfg = Release|Any CPU
		{A1680175-3785-4944-93D7-AA051C370513}.Release|x86.Build.0 = Release|Any CPU
		{9D4E3681-9F16-4981-8237-4452A624E61C}.Debug|Any CPU.ActiveCfg = Debug|Any CPU
		{9D4E3681-9F16-4981-8237-4452A624E61C}.Debug|Any CPU.Build.0 = Debug|Any CPU
		{9D4E3681-9F16-4981-8237-4452A624E61C}.Debug|x64.ActiveCfg = Debug|Any CPU
		{9D4E3681-9F16-4981-8237-4452A624E61C}.Debug|x64.Build.0 = Debug|Any CPU
		{9D4E3681-9F16-4981-8237-4452A624E61C}.Debug|x86.ActiveCfg = Debug|Any CPU
		{9D4E3681-9F16-4981-8237-4452A624E61C}.Debug|x86.Build.0 = Debug|Any CPU
		{9D4E3681-9F16-4981-8237-4452A624E61C}.Release|Any CPU.ActiveCfg = Release|Any CPU
		{9D4E3681-9F16-4981-8237-4452A624E61C}.Release|Any CPU.Build.0 = Release|Any CPU
		{9D4E3681-9F16-4981-8237-4452A624E61C}.Release|x64.ActiveCfg = Release|Any CPU
		{9D4E3681-9F16-4981-8237-4452A624E61C}.Release|x64.Build.0 = Release|Any CPU
		{9D4E3681-9F16-4981-8237-4452A624E61C}.Release|x86.ActiveCfg = Release|Any CPU
		{9D4E3681-9F16-4981-8237-4452A624E61C}.Release|x86.Build.0 = Release|Any CPU
		{E0FD54B1-6F09-4D36-84AA-DE08F8748C85}.Debug|Any CPU.ActiveCfg = Debug|Any CPU
		{E0FD54B1-6F09-4D36-84AA-DE08F8748C85}.Debug|Any CPU.Build.0 = Debug|Any CPU
		{E0FD54B1-6F09-4D36-84AA-DE08F8748C85}.Debug|x64.ActiveCfg = Debug|Any CPU
		{E0FD54B1-6F09-4D36-84AA-DE08F8748C85}.Debug|x64.Build.0 = Debug|Any CPU
		{E0FD54B1-6F09-4D36-84AA-DE08F8748C85}.Debug|x86.ActiveCfg = Debug|Any CPU
		{E0FD54B1-6F09-4D36-84AA-DE08F8748C85}.Debug|x86.Build.0 = Debug|Any CPU
		{E0FD54B1-6F09-4D36-84AA-DE08F8748C85}.Release|Any CPU.ActiveCfg = Release|Any CPU
		{E0FD54B1-6F09-4D36-84AA-DE08F8748C85}.Release|Any CPU.Build.0 = Release|Any CPU
		{E0FD54B1-6F09-4D36-84AA-DE08F8748C85}.Release|x64.ActiveCfg = Release|Any CPU
		{E0FD54B1-6F09-4D36-84AA-DE08F8748C85}.Release|x64.Build.0 = Release|Any CPU
		{E0FD54B1-6F09-4D36-84AA-DE08F8748C85}.Release|x86.ActiveCfg = Release|Any CPU
		{E0FD54B1-6F09-4D36-84AA-DE08F8748C85}.Release|x86.Build.0 = Release|Any CPU
		{A3BAA984-A28A-4BB8-877B-80F42702C2C8}.Debug|Any CPU.ActiveCfg = Debug|Any CPU
		{A3BAA984-A28A-4BB8-877B-80F42702C2C8}.Debug|Any CPU.Build.0 = Debug|Any CPU
		{A3BAA984-A28A-4BB8-877B-80F42702C2C8}.Debug|x64.ActiveCfg = Debug|Any CPU
		{A3BAA984-A28A-4BB8-877B-80F42702C2C8}.Debug|x64.Build.0 = Debug|Any CPU
		{A3BAA984-A28A-4BB8-877B-80F42702C2C8}.Debug|x86.ActiveCfg = Debug|Any CPU
		{A3BAA984-A28A-4BB8-877B-80F42702C2C8}.Debug|x86.Build.0 = Debug|Any CPU
		{A3BAA984-A28A-4BB8-877B-80F42702C2C8}.Release|Any CPU.ActiveCfg = Release|Any CPU
		{A3BAA984-A28A-4BB8-877B-80F42702C2C8}.Release|Any CPU.Build.0 = Release|Any CPU
		{A3BAA984-A28A-4BB8-877B-80F42702C2C8}.Release|x64.ActiveCfg = Release|Any CPU
		{A3BAA984-A28A-4BB8-877B-80F42702C2C8}.Release|x64.Build.0 = Release|Any CPU
		{A3BAA984-A28A-4BB8-877B-80F42702C2C8}.Release|x86.ActiveCfg = Release|Any CPU
		{A3BAA984-A28A-4BB8-877B-80F42702C2C8}.Release|x86.Build.0 = Release|Any CPU
		{FCA5AE9F-FA49-45AB-A853-20E16166ABD4}.Debug|Any CPU.ActiveCfg = Debug|Any CPU
		{FCA5AE9F-FA49-45AB-A853-20E16166ABD4}.Debug|Any CPU.Build.0 = Debug|Any CPU
		{FCA5AE9F-FA49-45AB-A853-20E16166ABD4}.Debug|x64.ActiveCfg = Debug|Any CPU
		{FCA5AE9F-FA49-45AB-A853-20E16166ABD4}.Debug|x64.Build.0 = Debug|Any CPU
		{FCA5AE9F-FA49-45AB-A853-20E16166ABD4}.Debug|x86.ActiveCfg = Debug|Any CPU
		{FCA5AE9F-FA49-45AB-A853-20E16166ABD4}.Debug|x86.Build.0 = Debug|Any CPU
		{FCA5AE9F-FA49-45AB-A853-20E16166ABD4}.Release|Any CPU.ActiveCfg = Release|Any CPU
		{FCA5AE9F-FA49-45AB-A853-20E16166ABD4}.Release|Any CPU.Build.0 = Release|Any CPU
		{FCA5AE9F-FA49-45AB-A853-20E16166ABD4}.Release|x64.ActiveCfg = Release|Any CPU
		{FCA5AE9F-FA49-45AB-A853-20E16166ABD4}.Release|x64.Build.0 = Release|Any CPU
		{FCA5AE9F-FA49-45AB-A853-20E16166ABD4}.Release|x86.ActiveCfg = Release|Any CPU
		{FCA5AE9F-FA49-45AB-A853-20E16166ABD4}.Release|x86.Build.0 = Release|Any CPU
		{1DE090AD-52BE-475E-8DC9-72529EAB06E6}.Debug|Any CPU.ActiveCfg = Debug|Any CPU
		{1DE090AD-52BE-475E-8DC9-72529EAB06E6}.Debug|Any CPU.Build.0 = Debug|Any CPU
		{1DE090AD-52BE-475E-8DC9-72529EAB06E6}.Debug|x64.ActiveCfg = Debug|Any CPU
		{1DE090AD-52BE-475E-8DC9-72529EAB06E6}.Debug|x64.Build.0 = Debug|Any CPU
		{1DE090AD-52BE-475E-8DC9-72529EAB06E6}.Debug|x86.ActiveCfg = Debug|Any CPU
		{1DE090AD-52BE-475E-8DC9-72529EAB06E6}.Debug|x86.Build.0 = Debug|Any CPU
		{1DE090AD-52BE-475E-8DC9-72529EAB06E6}.Release|Any CPU.ActiveCfg = Release|Any CPU
		{1DE090AD-52BE-475E-8DC9-72529EAB06E6}.Release|Any CPU.Build.0 = Release|Any CPU
		{1DE090AD-52BE-475E-8DC9-72529EAB06E6}.Release|x64.ActiveCfg = Release|Any CPU
		{1DE090AD-52BE-475E-8DC9-72529EAB06E6}.Release|x64.Build.0 = Release|Any CPU
		{1DE090AD-52BE-475E-8DC9-72529EAB06E6}.Release|x86.ActiveCfg = Release|Any CPU
		{1DE090AD-52BE-475E-8DC9-72529EAB06E6}.Release|x86.Build.0 = Release|Any CPU
		{4F9BA05C-53D9-4210-B394-BFC248C6D572}.Debug|Any CPU.ActiveCfg = Debug|Any CPU
		{4F9BA05C-53D9-4210-B394-BFC248C6D572}.Debug|Any CPU.Build.0 = Debug|Any CPU
		{4F9BA05C-53D9-4210-B394-BFC248C6D572}.Debug|x64.ActiveCfg = Debug|Any CPU
		{4F9BA05C-53D9-4210-B394-BFC248C6D572}.Debug|x64.Build.0 = Debug|Any CPU
		{4F9BA05C-53D9-4210-B394-BFC248C6D572}.Debug|x86.ActiveCfg = Debug|Any CPU
		{4F9BA05C-53D9-4210-B394-BFC248C6D572}.Debug|x86.Build.0 = Debug|Any CPU
		{4F9BA05C-53D9-4210-B394-BFC248C6D572}.Release|Any CPU.ActiveCfg = Release|Any CPU
		{4F9BA05C-53D9-4210-B394-BFC248C6D572}.Release|Any CPU.Build.0 = Release|Any CPU
		{4F9BA05C-53D9-4210-B394-BFC248C6D572}.Release|x64.ActiveCfg = Release|Any CPU
		{4F9BA05C-53D9-4210-B394-BFC248C6D572}.Release|x64.Build.0 = Release|Any CPU
		{4F9BA05C-53D9-4210-B394-BFC248C6D572}.Release|x86.ActiveCfg = Release|Any CPU
		{4F9BA05C-53D9-4210-B394-BFC248C6D572}.Release|x86.Build.0 = Release|Any CPU
		{2613EA5B-3D53-492A-B25F-B4AEC1672716}.Debug|Any CPU.ActiveCfg = Debug|Any CPU
		{2613EA5B-3D53-492A-B25F-B4AEC1672716}.Debug|Any CPU.Build.0 = Debug|Any CPU
		{2613EA5B-3D53-492A-B25F-B4AEC1672716}.Debug|x64.ActiveCfg = Debug|Any CPU
		{2613EA5B-3D53-492A-B25F-B4AEC1672716}.Debug|x64.Build.0 = Debug|Any CPU
		{2613EA5B-3D53-492A-B25F-B4AEC1672716}.Debug|x86.ActiveCfg = Debug|Any CPU
		{2613EA5B-3D53-492A-B25F-B4AEC1672716}.Debug|x86.Build.0 = Debug|Any CPU
		{2613EA5B-3D53-492A-B25F-B4AEC1672716}.Release|Any CPU.ActiveCfg = Release|Any CPU
		{2613EA5B-3D53-492A-B25F-B4AEC1672716}.Release|Any CPU.Build.0 = Release|Any CPU
		{2613EA5B-3D53-492A-B25F-B4AEC1672716}.Release|x64.ActiveCfg = Release|Any CPU
		{2613EA5B-3D53-492A-B25F-B4AEC1672716}.Release|x64.Build.0 = Release|Any CPU
		{2613EA5B-3D53-492A-B25F-B4AEC1672716}.Release|x86.ActiveCfg = Release|Any CPU
		{2613EA5B-3D53-492A-B25F-B4AEC1672716}.Release|x86.Build.0 = Release|Any CPU
		{28A9FF30-71A6-41B0-BF22-597B20776ED3}.Debug|Any CPU.ActiveCfg = Debug|Any CPU
		{28A9FF30-71A6-41B0-BF22-597B20776ED3}.Debug|Any CPU.Build.0 = Debug|Any CPU
		{28A9FF30-71A6-41B0-BF22-597B20776ED3}.Debug|x64.ActiveCfg = Debug|Any CPU
		{28A9FF30-71A6-41B0-BF22-597B20776ED3}.Debug|x64.Build.0 = Debug|Any CPU
		{28A9FF30-71A6-41B0-BF22-597B20776ED3}.Debug|x86.ActiveCfg = Debug|Any CPU
		{28A9FF30-71A6-41B0-BF22-597B20776ED3}.Debug|x86.Build.0 = Debug|Any CPU
		{28A9FF30-71A6-41B0-BF22-597B20776ED3}.Release|Any CPU.ActiveCfg = Release|Any CPU
		{28A9FF30-71A6-41B0-BF22-597B20776ED3}.Release|Any CPU.Build.0 = Release|Any CPU
		{28A9FF30-71A6-41B0-BF22-597B20776ED3}.Release|x64.ActiveCfg = Release|Any CPU
		{28A9FF30-71A6-41B0-BF22-597B20776ED3}.Release|x64.Build.0 = Release|Any CPU
		{28A9FF30-71A6-41B0-BF22-597B20776ED3}.Release|x86.ActiveCfg = Release|Any CPU
		{28A9FF30-71A6-41B0-BF22-597B20776ED3}.Release|x86.Build.0 = Release|Any CPU
		{FE96FE85-2BF2-457A-BD7B-A0BF3405D7CD}.Debug|Any CPU.ActiveCfg = Debug|Any CPU
		{FE96FE85-2BF2-457A-BD7B-A0BF3405D7CD}.Debug|Any CPU.Build.0 = Debug|Any CPU
		{FE96FE85-2BF2-457A-BD7B-A0BF3405D7CD}.Debug|x64.ActiveCfg = Debug|Any CPU
		{FE96FE85-2BF2-457A-BD7B-A0BF3405D7CD}.Debug|x64.Build.0 = Debug|Any CPU
		{FE96FE85-2BF2-457A-BD7B-A0BF3405D7CD}.Debug|x86.ActiveCfg = Debug|Any CPU
		{FE96FE85-2BF2-457A-BD7B-A0BF3405D7CD}.Debug|x86.Build.0 = Debug|Any CPU
		{FE96FE85-2BF2-457A-BD7B-A0BF3405D7CD}.Release|Any CPU.ActiveCfg = Release|Any CPU
		{FE96FE85-2BF2-457A-BD7B-A0BF3405D7CD}.Release|Any CPU.Build.0 = Release|Any CPU
		{FE96FE85-2BF2-457A-BD7B-A0BF3405D7CD}.Release|x64.ActiveCfg = Release|Any CPU
		{FE96FE85-2BF2-457A-BD7B-A0BF3405D7CD}.Release|x64.Build.0 = Release|Any CPU
		{FE96FE85-2BF2-457A-BD7B-A0BF3405D7CD}.Release|x86.ActiveCfg = Release|Any CPU
		{FE96FE85-2BF2-457A-BD7B-A0BF3405D7CD}.Release|x86.Build.0 = Release|Any CPU
	EndGlobalSection
	GlobalSection(SolutionProperties) = preSolution
		HideSolutionNode = FALSE
	EndGlobalSection
EndGlobal
